
Microsoft Visual Studio Solution File, Format Version 12.00
# Visual Studio Version 16
VisualStudioVersion = 16.0.32126.315
MinimumVisualStudioVersion = 10.0.40219.1
Project("{9A19103F-16F7-4668-BE54-9A1E7A4F7556}") = "MetarViewer", "MetarViewer\MetarViewer.csproj", "{062DE5BB-D0A6-41C0-B6F3-E9B13463F751}"
EndProject
Project("{9A19103F-16F7-4668-BE54-9A1E7A4F7556}") = "MetarDecoder", "MetarDecoder\MetarDecoder.csproj", "{0D743F44-8E57-4B30-B5C0-85E26B5E6A52}"
EndProject
Project("{9A19103F-16F7-4668-BE54-9A1E7A4F7556}") = "DownloadMetar", "DownloadMetar\DownloadMetar.csproj", "{19342158-50A2-4E45-9947-3A0D73312510}"
EndProject
Project("{9A19103F-16F7-4668-BE54-9A1E7A4F7556}") = "GetAirportList", "GetAirportList\GetAirportList.csproj", "{A2F2B360-8CD0-456E-9F11-6A22897198B6}"
EndProject
Project("{FAE04EC0-301F-11D3-BF4B-00C04F79EFBC}") = "AirportDatabaseMaintenance", "AirportDatabaseMaintenance\AirportDatabaseMaintenance.csproj", "{23F10BE9-0C4C-4514-B354-7C7C76ED9A60}"
EndProject
Global
	GlobalSection(SolutionConfigurationPlatforms) = preSolution
		Debug|Any CPU = Debug|Any CPU
		Release|Any CPU = Release|Any CPU
	EndGlobalSection
	GlobalSection(ProjectConfigurationPlatforms) = postSolution
		{062DE5BB-D0A6-41C0-B6F3-E9B13463F751}.Debug|Any CPU.ActiveCfg = Debug|Any CPU
		{062DE5BB-D0A6-41C0-B6F3-E9B13463F751}.Debug|Any CPU.Build.0 = Debug|Any CPU
		{062DE5BB-D0A6-41C0-B6F3-E9B13463F751}.Release|Any CPU.ActiveCfg = Release|Any CPU
		{062DE5BB-D0A6-41C0-B6F3-E9B13463F751}.Release|Any CPU.Build.0 = Release|Any CPU
		{0D743F44-8E57-4B30-B5C0-85E26B5E6A52}.Debug|Any CPU.ActiveCfg = Debug|Any CPU
		{0D743F44-8E57-4B30-B5C0-85E26B5E6A52}.Debug|Any CPU.Build.0 = Debug|Any CPU
		{0D743F44-8E57-4B30-B5C0-85E26B5E6A52}.Release|Any CPU.ActiveCfg = Release|Any CPU
		{0D743F44-8E57-4B30-B5C0-85E26B5E6A52}.Release|Any CPU.Build.0 = Release|Any CPU
		{19342158-50A2-4E45-9947-3A0D73312510}.Debug|Any CPU.ActiveCfg = Debug|Any CPU
		{19342158-50A2-4E45-9947-3A0D73312510}.Debug|Any CPU.Build.0 = Debug|Any CPU
		{19342158-50A2-4E45-9947-3A0D73312510}.Release|Any CPU.ActiveCfg = Release|Any CPU
		{19342158-50A2-4E45-9947-3A0D73312510}.Release|Any CPU.Build.0 = Release|Any CPU
		{A2F2B360-8CD0-456E-9F11-6A22897198B6}.Debug|Any CPU.ActiveCfg = Debug|Any CPU
		{A2F2B360-8CD0-456E-9F11-6A22897198B6}.Debug|Any CPU.Build.0 = Debug|Any CPU
		{A2F2B360-8CD0-456E-9F11-6A22897198B6}.Release|Any CPU.ActiveCfg = Release|Any CPU
		{A2F2B360-8CD0-456E-9F11-6A22897198B6}.Release|Any CPU.Build.0 = Release|Any CPU
		{23F10BE9-0C4C-4514-B354-7C7C76ED9A60}.Debug|Any CPU.ActiveCfg = Debug|Any CPU
		{23F10BE9-0C4C-4514-B354-7C7C76ED9A60}.Debug|Any CPU.Build.0 = Debug|Any CPU
		{23F10BE9-0C4C-4514-B354-7C7C76ED9A60}.Release|Any CPU.ActiveCfg = Release|Any CPU
		{23F10BE9-0C4C-4514-B354-7C7C76ED9A60}.Release|Any CPU.Build.0 = Release|Any CPU
	EndGlobalSection
	GlobalSection(SolutionProperties) = preSolution
		HideSolutionNode = FALSE
	EndGlobalSection
	GlobalSection(ExtensibilityGlobals) = postSolution
		SolutionGuid = {02B4085C-E26A-4FA2-A56A-D1146F099A56}
	EndGlobalSection
EndGlobal
